
Microsoft Visual Studio Solution File, Format Version 12.00
# Visual Studio Version 17
VisualStudioVersion = 17.10.35013.160
MinimumVisualStudioVersion = 10.0.40219.1
Project("{9A19103F-16F7-4668-BE54-9A1E7A4F7556}") = "FakeSenders", "FakeSenders\FakeSenders.csproj", "{75C73C0F-4089-44D5-AF11-3F5FEF46581F}"
EndProject
Project("{9A19103F-16F7-4668-BE54-9A1E7A4F7556}") = "Core", "Core\Core.csproj", "{778C53A6-B843-41D8-9B5C-B6C33AC1379B}"
EndProject
Project("{9A19103F-16F7-4668-BE54-9A1E7A4F7556}") = "SMSProcessor", "SMSProcessor\SMSProcessor.csproj", "{2B96FA2A-66E2-4673-AF95-A3170A9DA0E1}"
EndProject
Project("{2150E333-8FDC-42A3-9474-1A3956D46DE8}") = "Docker", "Docker", "{BCE17B78-A506-4703-8261-7C6A4CF93B26}"
	ProjectSection(SolutionItems) = preProject
		Dockerfile = Dockerfile
	EndProjectSection
EndProject
Global
	GlobalSection(SolutionConfigurationPlatforms) = preSolution
		Debug|Any CPU = Debug|Any CPU
		Release|Any CPU = Release|Any CPU
	EndGlobalSection
	GlobalSection(ProjectConfigurationPlatforms) = postSolution
		{75C73C0F-4089-44D5-AF11-3F5FEF46581F}.Debug|Any CPU.ActiveCfg = Debug|Any CPU
		{75C73C0F-4089-44D5-AF11-3F5FEF46581F}.Debug|Any CPU.Build.0 = Debug|Any CPU
		{75C73C0F-4089-44D5-AF11-3F5FEF46581F}.Release|Any CPU.ActiveCfg = Release|Any CPU
		{75C73C0F-4089-44D5-AF11-3F5FEF46581F}.Release|Any CPU.Build.0 = Release|Any CPU
		{778C53A6-B843-41D8-9B5C-B6C33AC1379B}.Debug|Any CPU.ActiveCfg = Debug|Any CPU
		{778C53A6-B843-41D8-9B5C-B6C33AC1379B}.Debug|Any CPU.Build.0 = Debug|Any CPU
		{778C53A6-B843-41D8-9B5C-B6C33AC1379B}.Release|Any CPU.ActiveCfg = Release|Any CPU
		{778C53A6-B843-41D8-9B5C-B6C33AC1379B}.Release|Any CPU.Build.0 = Release|Any CPU
		{2B96FA2A-66E2-4673-AF95-A3170A9DA0E1}.Debug|Any CPU.ActiveCfg = Debug|Any CPU
		{2B96FA2A-66E2-4673-AF95-A3170A9DA0E1}.Debug|Any CPU.Build.0 = Debug|Any CPU
		{2B96FA2A-66E2-4673-AF95-A3170A9DA0E1}.Release|Any CPU.ActiveCfg = Release|Any CPU
		{2B96FA2A-66E2-4673-AF95-A3170A9DA0E1}.Release|Any CPU.Build.0 = Release|Any CPU
	EndGlobalSection
	GlobalSection(SolutionProperties) = preSolution
		HideSolutionNode = FALSE
	EndGlobalSection
	GlobalSection(ExtensibilityGlobals) = postSolution
		SolutionGuid = {90167FC6-1FDB-421D-BC52-5DA14131B3F6}
	EndGlobalSection
EndGlobal
